
Microsoft Visual Studio Solution File, Format Version 12.00
# Visual Studio 15
VisualStudioVersion = 15.0.27703.2047
MinimumVisualStudioVersion = 10.0.40219.1
Project("{FAE04EC0-301F-11D3-BF4B-00C04F79EFBC}") = "WebApplication2", "WebApplication2\WebApplication2.csproj", "{D0CE619C-315E-4BFA-AD6A-7E0D6A9B695F}"
EndProject
Global
	GlobalSection(SolutionConfigurationPlatforms) = preSolution
		Debug|Any CPU = Debug|Any CPU
		Release|Any CPU = Release|Any CPU
	EndGlobalSection
	GlobalSection(ProjectConfigurationPlatforms) = postSolution
		{D0CE619C-315E-4BFA-AD6A-7E0D6A9B695F}.Debug|Any CPU.ActiveCfg = Debug|Any CPU
		{D0CE619C-315E-4BFA-AD6A-7E0D6A9B695F}.Debug|Any CPU.Build.0 = Debug|Any CPU
		{D0CE619C-315E-4BFA-AD6A-7E0D6A9B695F}.Release|Any CPU.ActiveCfg = Release|Any CPU
		{D0CE619C-315E-4BFA-AD6A-7E0D6A9B695F}.Release|Any CPU.Build.0 = Release|Any CPU
	EndGlobalSection
	GlobalSection(SolutionProperties) = preSolution
		HideSolutionNode = FALSE
	EndGlobalSection
	GlobalSection(ExtensibilityGlobals) = postSolution
		SolutionGuid = {46FA05BA-79CF-4102-BFD7-C6966F7F6055}
	EndGlobalSection
EndGlobal
